
Microsoft Visual Studio Solution File, Format Version 12.00
# Visual Studio Version 16
VisualStudioVersion = 16.0.28803.452
MinimumVisualStudioVersion = 10.0.40219.1
Project("{FAE04EC0-301F-11D3-BF4B-00C04F79EFBC}") = "Evaluacion1", "Evaluacion1\Evaluacion1.csproj", "{43DBC0A5-4779-43AC-A44E-A2FB65D649B2}"
EndProject
Global
	GlobalSection(SolutionConfigurationPlatforms) = preSolution
		Debug|Any CPU = Debug|Any CPU
		Release|Any CPU = Release|Any CPU
	EndGlobalSection
	GlobalSection(ProjectConfigurationPlatforms) = postSolution
		{43DBC0A5-4779-43AC-A44E-A2FB65D649B2}.Debug|Any CPU.ActiveCfg = Debug|Any CPU
		{43DBC0A5-4779-43AC-A44E-A2FB65D649B2}.Debug|Any CPU.Build.0 = Debug|Any CPU
		{43DBC0A5-4779-43AC-A44E-A2FB65D649B2}.Release|Any CPU.ActiveCfg = Release|Any CPU
		{43DBC0A5-4779-43AC-A44E-A2FB65D649B2}.Release|Any CPU.Build.0 = Release|Any CPU
	EndGlobalSection
	GlobalSection(SolutionProperties) = preSolution
		HideSolutionNode = FALSE
	EndGlobalSection
	GlobalSection(ExtensibilityGlobals) = postSolution
		SolutionGuid = {3240D40E-9888-4938-9936-2B064E19BB4D}
	EndGlobalSection
EndGlobal
